# This file is automatically @generated by Cargo.
# It is not intended for manual editing.
version = 4

[[package]]
name = "aoc25-1-1"
version = "0.1.0"
dependencies = [
 "common",
]

[[package]]
name = "aoc25-1-2"
version = "0.1.0"
dependencies = [
 "common",
]

[[package]]
name = "aoc25-2-1"
version = "0.1.0"
dependencies = [
 "common",
]

[[package]]
name = "aoc25-2-2"
version = "0.1.0"
dependencies = [
 "common",
]

[[package]]
name = "aoc25-3-1"
version = "0.1.0"
dependencies = [
 "common",
]

[[package]]
name = "aoc25-3-2"
version = "0.1.0"
dependencies = [
 "common",
]

[[package]]
name = "aoc25-4-1"
version = "0.1.0"
dependencies = [
 "common",
]

[[package]]
name = "common"
version = "0.1.0"
